{
  "version": 4,
  "terraform_version": "1.5.7",
  "serial": 4,
  "lineage": "e18c5ce8-8369-bcbd-7398-270662eb62b3",
  "outputs": {
    "metrics_bucket_endpoint": {
      "value": "in-maa-1.linodeobjects.com",
      "type": "string"
    },
    "metrics_bucket_label": {
      "value": "platform-metrics",
      "type": "string"
    }
  },
  "resources": [
    {
      "mode": "data",
      "type": "linode_object_storage_cluster",
      "name": "metrics",
      "provider": "provider[\"registry.terraform.io/linode/linode\"]",
      "instances": [
        {
          "schema_version": 0,
          "attributes": {
            "domain": "in-maa-1.linodeobjects.com",
            "id": "in-maa-1",
            "region": "in-maa",
            "static_site_domain": "website-in-maa-1.linodeobjects.com",
            "status": "available"
          },
          "sensitive_attributes": []
        }
      ]
    },
    {
      "mode": "managed",
      "type": "linode_object_storage_bucket",
      "name": "metrics",
      "provider": "provider[\"registry.terraform.io/linode/linode\"]",
      "instances": [
        {
          "schema_version": 0,
          "attributes": {
            "access_key": null,
            "acl": "private",
            "cert": [],
            "cluster": "in-maa-1",
            "cors_enabled": true,
            "hostname": "platform-metrics.in-maa-1.linodeobjects.com",
            "id": "in-maa-1:platform-metrics",
            "label": "platform-metrics",
            "lifecycle_rule": [],
            "secret_key": null,
            "versioning": null
          },
          "sensitive_attributes": [],
          "private": "bnVsbA==",
          "dependencies": [
            "data.linode_object_storage_cluster.metrics"
          ]
        }
      ]
    },
    {
      "mode": "managed",
      "type": "linode_object_storage_key",
      "name": "metrics",
      "provider": "provider[\"registry.terraform.io/linode/linode\"]",
      "instances": [
        {
          "schema_version": 0,
          "attributes": {
            "access_key": "1FS2Y1T0IRNGBXOAYE2Y",
            "bucket_access": [
              {
                "bucket_name": "platform-metrics",
                "cluster": "in-maa-1",
                "permissions": "read_write"
              }
            ],
            "id": "818608",
            "label": "metrics-access",
            "limited": true,
            "secret_key": "AQjjsHU60OyOu8yRymZRRwPTsz9nidzR5HgOzBIi"
          },
          "sensitive_attributes": [],
          "private": "bnVsbA==",
          "dependencies": [
            "data.linode_object_storage_cluster.metrics",
            "linode_object_storage_bucket.metrics"
          ]
        }
      ]
    }
  ],
  "check_results": null
}
