{
  "version": 4,
  "terraform_version": "1.5.7",
  "serial": 10,
  "lineage": "e18c5ce8-8369-bcbd-7398-270662eb62b3",
  "outputs": {
    "api_endpoints": {
      "value": [
        "https://1368183a-3d7e-42f6-af29-fe34151a7e32.in-maa-1.linodelke.net:443",
        "https://1368183a-3d7e-42f6-af29-fe34151a7e32.in-maa-1.linodelke.net:6443",
        "https://172.232.101.215:443",
        "https://172.232.101.215:6443"
      ],
      "type": [
        "list",
        "string"
      ]
    },
    "id": {
      "value": "156784",
      "type": "string"
    },
    "kubeconfig": {
      "value": "CmFwaVZlcnNpb246IHYxCmtpbmQ6IENvbmZpZwpwcmVmZXJlbmNlczoge30KCmNsdXN0ZXJzOgotIGNsdXN0ZXI6CiAgICBjZXJ0aWZpY2F0ZS1hdXRob3JpdHktZGF0YTogTFMwdExTMUNSVWRKVGlCRFJWSlVTVVpKUTBGVVJTMHRMUzB0Q2sxSlNVUkNWRU5EUVdVeVowRjNTVUpCWjBsSlVWbGtObWxDT1VwdU9WbDNSRkZaU2t0dldrbG9kbU5PUVZGRlRFSlJRWGRHVkVWVVRVSkZSMEV4VlVVS1FYaE5TMkV6Vm1sYVdFcDFXbGhTYkdONlFXVkdkekI1VGtSQmVVMVVWWGhPUkVFeFRYcE9ZVVozTUhwT1JFRjVUVlJKZUU1RVJYZE5lazVoVFVKVmVBcEZla0ZTUW1kT1ZrSkJUVlJEYlhReFdXMVdlV0p0VmpCYVdFMTNaMmRGYVUxQk1FZERVM0ZIVTBsaU0wUlJSVUpCVVZWQlFUUkpRa1IzUVhkblowVkxDa0Z2U1VKQlVVUmpXVmcyTlZKd1QwVjNNaXRhYTNsVk5rbDZNVWxTTkZSakswaERSamQ0SzJ0bGNVZ3hVRVEzYVZCU2JqVXdWMFpqVEVseFNVbFJTeXNLZG1wc1lsTnZSRVprWjJvMU1IZGlPWFZPYVhsTVZFNXFhekZWTmpOS1lsSktVSG8wVkZKRVUxRmlZWGxDZDI5NWNXSm9VMnRYWlhKTVoyRllPWGxuUmdwS05HUXlXbWN5YVRSRWQwOVFXbVJvYVhwT1FVMHpMM3BXUmpsa2VtcEdUM1ZOVG5kaVNGTkdlVFJhY1RoUkwxRXhSbUpVUlVab1VUTXlMM1ZyUW1jckNtTk9SVTFpWVVKNVNEaHpRMDlVUTFscU4zbDFkME16VWpoT1NYTnpjVmx5Y25SaWJWcFZiazUzZFROaFIyUnJiazF1U2xsR2IyaDRSbEY1VGtoRWJuZ0tjMkZzYUVKSlZETTVhREJtU1hZemMwSTBhWFp5VjFOVmQydG5ORWRRZDBsR1dETklaV1l5WjJ4UGVHNUNiRGN5SzB4NWFVZGlWalJoTldKNVRVRm5UQXBrU1VGSmVXOXlNWEZsWkRsRlZHSXZkMVp5VVhGUWVHaHJORzFxUVdkTlFrRkJSMnBYVkVKWVRVRTBSMEV4VldSRWQwVkNMM2RSUlVGM1NVTndSRUZRQ2tKblRsWklVazFDUVdZNFJVSlVRVVJCVVVndlRVSXdSMEV4VldSRVoxRlhRa0pUVFhZdlUxazFiM055TmpFMlR5dHNaamxIVkRaVEszRkNTWEY2UVZZS1FtZE9Wa2hTUlVWRWFrRk5aMmR3Y21SWFNteGpiVFZzWkVkV2VrMUJNRWREVTNGSFUwbGlNMFJSUlVKRGQxVkJRVFJKUWtGUlFTdG5XbkExU2xvdlRBcHBka2huY1RnME9HVlVhSFJNY3pFMk5FRk1VamRzTTBVeVZqVkVXVzlGZDI5blprWkpNVEZ6TDBKc1lWcFZhSG80TW1jM0syMUxkMGxEYTJoV2NuRTFDbWcxTUVsTVVuZ3lUSEZoUms5R1UzSktOV3BLU1V4NFNsZzVVRWxNTUhGcWFVZG9ka0ZTYWxnelVGVk1OVkJxYUdoRVZsQkdObXh4VVZscWFYWllWRmtLYld0MFJWTjNOMk0zV1haVlZFRTNaM1V3ZGxCTGJGUlRUWEJKU0dkeFJYa3phREV3YzBwTGFrZHBlRzVxUmxsMlJHOTNNRGRXZDJweGRqVTFORGt5VFFwcWRGZHRMM1l6TDBocVdEaENTMjV1TkVaeldEWjJaa1pQWTNoemJrSnJVbkpDY2xCVWNsWjVjazFJZW1ZME9WQldVMFp5Ynk5YWRsQkNZMVJPUTBOQ0NqRXhiMWh3WkZoQ09UQm1URFpaWVRsM1RsZDZXVzF3TkVjclRsWkZSbFJNV1ZVeVZYUm1TVXBqYmpkT2VFeDRaRmRMU1hkS1J6TTJTQ3ROTXpnMmFtTUtWRE5JU1daRWNuSlhOVE5yQ2kwdExTMHRSVTVFSUVORlVsUkpSa2xEUVZSRkxTMHRMUzBLCiAgICBzZXJ2ZXI6IGh0dHBzOi8vMTM2ODE4M2EtM2Q3ZS00MmY2LWFmMjktZmUzNDE1MWE3ZTMyLmluLW1hYS0xLmxpbm9kZWxrZS5uZXQ6NDQzCiAgbmFtZTogbGtlMTU2Nzg0Cgp1c2VyczoKLSBuYW1lOiBsa2UxNTY3ODQtYWRtaW4KICB1c2VyOgogICAgYXMtdXNlci1leHRyYToge30KICAgIHRva2VuOiBleUpoYkdjaU9pSlNVekkxTmlJc0ltdHBaQ0k2SW1jd2RqbHZURVpKVjJNdE9UYzBZVGR1ZGtzeFdUUnlTblZLWlV0MVdqWk1kbmRGTTB0RVJXcERha1VpZlEuZXlKcGMzTWlPaUpyZFdKbGNtNWxkR1Z6TDNObGNuWnBZMlZoWTJOdmRXNTBJaXdpYTNWaVpYSnVaWFJsY3k1cGJ5OXpaWEoyYVdObFlXTmpiM1Z1ZEM5dVlXMWxjM0JoWTJVaU9pSnJkV0psTFhONWMzUmxiU0lzSW10MVltVnlibVYwWlhNdWFXOHZjMlZ5ZG1salpXRmpZMjkxYm5RdmMyVmpjbVYwTG01aGJXVWlPaUpzYTJVdFlXUnRhVzR0ZEc5clpXNHRZbnBzYkRRaUxDSnJkV0psY201bGRHVnpMbWx2TDNObGNuWnBZMlZoWTJOdmRXNTBMM05sY25acFkyVXRZV05qYjNWdWRDNXVZVzFsSWpvaWJHdGxMV0ZrYldsdUlpd2lhM1ZpWlhKdVpYUmxjeTVwYnk5elpYSjJhV05sWVdOamIzVnVkQzl6WlhKMmFXTmxMV0ZqWTI5MWJuUXVkV2xrSWpvaVl6Y3dOekptWmpVdE5XWmtPUzAwTmpGa0xXSXpaR0l0WkdabVl6RTRNalkyTTJZeklpd2ljM1ZpSWpvaWMzbHpkR1Z0T25ObGNuWnBZMlZoWTJOdmRXNTBPbXQxWW1VdGMzbHpkR1Z0T214clpTMWhaRzFwYmlKOS5qcGpyMk5xX1htNDVycTByZGVwNXBOTDNtNENZdkloODNDQ2ZZOW5ZcEV4VUFydVZWeF90SkNkZUIyMDk5RXpRaWs5bzNUQ2owaVY4QUM1THY5UkVkb2tMd2FIS1dVaThmSmNLZGFuOFppdnVSSmY0MUJQU3ZIX2VBa20wWFBvNzVwdVBtSGdQUlpBMzhjeGhHdDdub0ZrVmo2MkhJSHo5dENZWGpmUUlGcmo3T0w1MlBYNjRhSXhOMUhVZlpoNm1pdTNmRDdCb1dCUExRQm9JbVA2cWowTkI3RDJCSFNHdU1nZnpTdmhBXzFreTYxRF9XS2hGTThRLUEtQ2VsWFNscFBURmV5VFByUWtiNTVtOVVUN3U1UVZ1V19GeklLaXVhb1BQbmJhREc0bURGNmlfa2ZWQkJtZEkxM3Zsa1hWLUlkdmJtSVE2YWZBdk5pcTd1RWp2MGcKCmNvbnRleHRzOgotIGNvbnRleHQ6CiAgICBjbHVzdGVyOiBsa2UxNTY3ODQKICAgIG5hbWVzcGFjZTogZGVmYXVsdAogICAgdXNlcjogbGtlMTU2Nzg0LWFkbWluCiAgbmFtZTogbGtlMTU2Nzg0LWN0eAoKY3VycmVudC1jb250ZXh0OiBsa2UxNTY3ODQtY3R4Cg==",
      "type": "string",
      "sensitive": true
    },
    "metrics_bucket_endpoint": {
      "value": "in-maa-1.linodeobjects.com",
      "type": "string"
    },
    "metrics_bucket_label": {
      "value": "platform-metrics",
      "type": "string"
    },
    "pool": {
      "value": [
        {
          "autoscaler": [
            {
              "max": 3,
              "min": 3
            }
          ],
          "count": 3,
          "id": 229450,
          "nodes": [
            {
              "id": "229450-10ba4dc70000",
              "instance_id": 54959844,
              "status": "ready"
            },
            {
              "id": "229450-31249d540000",
              "instance_id": 54959842,
              "status": "not_ready"
            },
            {
              "id": "229450-46e118c60000",
              "instance_id": 54959845,
              "status": "not_ready"
            }
          ],
          "type": "g6-dedicated-4"
        }
      ],
      "type": [
        "list",
        [
          "object",
          {
            "autoscaler": [
              "list",
              [
                "object",
                {
                  "max": "number",
                  "min": "number"
                }
              ]
            ],
            "count": "number",
            "id": "number",
            "nodes": [
              "list",
              [
                "object",
                {
                  "id": "string",
                  "instance_id": "number",
                  "status": "string"
                }
              ]
            ],
            "type": "string"
          }
        ]
      ]
    },
    "status": {
      "value": "ready",
      "type": "string"
    }
  },
  "resources": [
    {
      "mode": "data",
      "type": "linode_object_storage_cluster",
      "name": "metrics",
      "provider": "provider[\"registry.terraform.io/linode/linode\"]",
      "instances": [
        {
          "schema_version": 0,
          "attributes": {
            "domain": "in-maa-1.linodeobjects.com",
            "id": "in-maa-1",
            "region": "in-maa",
            "static_site_domain": "website-in-maa-1.linodeobjects.com",
            "status": "available"
          },
          "sensitive_attributes": []
        }
      ]
    },
    {
      "mode": "managed",
      "type": "helm_release",
      "name": "argocd",
      "provider": "provider[\"registry.terraform.io/hashicorp/helm\"]",
      "instances": [
        {
          "schema_version": 0,
          "attributes": {
            "atomic": false,
            "chart": "argo-cd",
            "cleanup_on_fail": false,
            "create_namespace": true,
            "dependency_update": false,
            "description": null,
            "devel": null,
            "disable_crd_hooks": false,
            "disable_openapi_validation": false,
            "disable_webhooks": false,
            "force_update": false,
            "id": "argocd",
            "keyring": null,
            "lint": false,
            "manifest": null,
            "max_history": 0,
            "metadata": [
              {
                "app_version": "v2.10.1",
                "chart": "argo-cd",
                "name": "argocd",
                "namespace": "argocd",
                "revision": 1,
                "values": "{\"applicationSet\":{\"metrics\":{\"enabled\":true,\"serviceMonitor\":{\"enabled\":true}}},\"configs\":{\"secret\":{\"argocdServerAdminPassword\":\"(sensitive value)\"}},\"controller\":{\"metrics\":{\"enabled\":true,\"serviceMonitor\":{\"enabled\":true}}},\"repoServer\":{\"metrics\":{\"enabled\":true,\"serviceMonitor\":{\"enabled\":true}}},\"server\":{\"ingress\":{\"annotations\":{\"cert-manager\":{\"io/cluster-issuer\":\"letsencrypt-prod\"}},\"enabled\":true,\"host\":\"continuous-deploy.platform.sasriya.net\",\"tls\":[{\"hosts\":[\"continuous-deploy.platform.sasriya.net\"],\"secretName\":\"argocd-secret\"}]},\"metrics\":{\"enabled\":true,\"serviceMonitor\":{\"enabled\":true}},\"service\":{\"type\":\"LoadBalancer\"}}}",
                "version": "6.0.14"
              }
            ],
            "name": "argocd",
            "namespace": "argocd",
            "pass_credentials": false,
            "postrender": [],
            "recreate_pods": false,
            "render_subchart_notes": true,
            "replace": false,
            "repository": "https://argoproj.github.io/argo-helm",
            "repository_ca_file": null,
            "repository_cert_file": null,
            "repository_key_file": null,
            "repository_password": null,
            "repository_username": null,
            "reset_values": false,
            "reuse_values": false,
            "set": [
              {
                "name": "applicationSet.metrics.enabled",
                "type": "",
                "value": "true"
              },
              {
                "name": "applicationSet.metrics.serviceMonitor.enabled",
                "type": "",
                "value": "true"
              },
              {
                "name": "controller.metrics.enabled",
                "type": "",
                "value": "true"
              },
              {
                "name": "controller.metrics.serviceMonitor.enabled",
                "type": "",
                "value": "true"
              },
              {
                "name": "repoServer.metrics.enabled",
                "type": "",
                "value": "true"
              },
              {
                "name": "repoServer.metrics.serviceMonitor.enabled",
                "type": "",
                "value": "true"
              },
              {
                "name": "server.ingress.annotations.cert-manager.io/cluster-issuer",
                "type": "",
                "value": "letsencrypt-prod"
              },
              {
                "name": "server.ingress.enabled",
                "type": "",
                "value": "true"
              },
              {
                "name": "server.ingress.host",
                "type": "",
                "value": "continuous-deploy.platform.sasriya.net"
              },
              {
                "name": "server.ingress.tls[0].hosts[0]",
                "type": "",
                "value": "continuous-deploy.platform.sasriya.net"
              },
              {
                "name": "server.ingress.tls[0].secretName",
                "type": "",
                "value": "argocd-secret"
              },
              {
                "name": "server.metrics.enabled",
                "type": "",
                "value": "true"
              },
              {
                "name": "server.metrics.serviceMonitor.enabled",
                "type": "",
                "value": "true"
              },
              {
                "name": "server.service.type",
                "type": "",
                "value": "LoadBalancer"
              }
            ],
            "set_sensitive": [
              {
                "name": "configs.secret.argocdServerAdminPassword",
                "type": "",
                "value": "$2a$10$7kRNgegJKIF40vjin4CpHe/YPPnCZD3PxP9G7ZwbbcsKCELsrqfLW"
              }
            ],
            "skip_crds": false,
            "status": "deployed",
            "timeout": 300,
            "values": null,
            "verify": false,
            "version": "6.0.14",
            "wait": true,
            "wait_for_jobs": false
          },
          "sensitive_attributes": [],
          "private": "bnVsbA==",
          "dependencies": [
            "linode_lke_cluster.k8s_cluster"
          ]
        }
      ]
    },
    {
      "mode": "managed",
      "type": "kubernetes_namespace_v1",
      "name": "monitoring",
      "provider": "provider[\"registry.terraform.io/hashicorp/kubernetes\"]",
      "instances": [
        {
          "schema_version": 0,
          "attributes": {
            "id": "monitoring",
            "metadata": [
              {
                "annotations": null,
                "generate_name": "",
                "generation": 0,
                "labels": null,
                "name": "monitoring",
                "resource_version": "699",
                "uid": "9c9991ea-832b-4433-a718-d7b41cc49bdc"
              }
            ],
            "timeouts": null
          },
          "sensitive_attributes": [],
          "private": "eyJlMmJmYjczMC1lY2FhLTExZTYtOGY4OC0zNDM2M2JjN2M0YzAiOnsiZGVsZXRlIjozMDAwMDAwMDAwMDB9fQ==",
          "dependencies": [
            "linode_lke_cluster.k8s_cluster"
          ]
        }
      ]
    },
    {
      "mode": "managed",
      "type": "kubernetes_secret",
      "name": "platform_github_secret",
      "provider": "provider[\"registry.terraform.io/hashicorp/kubernetes\"]",
      "instances": [
        {
          "schema_version": 0,
          "attributes": {
            "binary_data": null,
            "data": {
              "project": "default",
              "sshPrivateKey": "-----BEGIN OPENSSH PRIVATE KEY-----\nb3BlbnNzaC1rZXktdjEAAAAABG5vbmUAAAAEbm9uZQAAAAAAAAABAAAAMwAAAAtzc2gtZW\nQyNTUxOQAAACAnDv4kcS/pBeBQlUvTKYBUcBKIwNepiGtXi+jlhGz5IQAAAIjyQDmw8kA5\nsAAAAAtzc2gtZWQyNTUxOQAAACAnDv4kcS/pBeBQlUvTKYBUcBKIwNepiGtXi+jlhGz5IQ\nAAAEC44gfXcHTk4EmI6lCZg2NE12ceMy1v5vquOUVDy6s2yycO/iRxL+kF4FCVS9MpgFRw\nEojA16mIa1eL6OWEbPkhAAAAAAECAwQF\n-----END OPENSSH PRIVATE KEY-----\n",
              "type": "git",
              "url": "git@github.com:akamai-consulting/tiktok-obs-platform.git"
            },
            "id": "argocd/github-repo",
            "immutable": false,
            "metadata": [
              {
                "annotations": null,
                "generate_name": "",
                "generation": 0,
                "labels": {
                  "argocd.argoproj.io/secret-type": "repository"
                },
                "name": "github-repo",
                "namespace": "argocd",
                "resource_version": "1594",
                "uid": "6b969ba7-b867-4b9a-89c9-b0a16f2af38e"
              }
            ],
            "timeouts": null,
            "type": "Opaque",
            "wait_for_service_account_token": true
          },
          "sensitive_attributes": [],
          "private": "eyJlMmJmYjczMC1lY2FhLTExZTYtOGY4OC0zNDM2M2JjN2M0YzAiOnsiY3JlYXRlIjo2MDAwMDAwMDAwMH19",
          "dependencies": [
            "helm_release.argocd",
            "linode_lke_cluster.k8s_cluster"
          ]
        }
      ]
    },
    {
      "mode": "managed",
      "type": "kubernetes_secret_v1",
      "name": "metrics_bucket",
      "provider": "provider[\"registry.terraform.io/hashicorp/kubernetes\"]",
      "instances": [
        {
          "schema_version": 0,
          "attributes": {
            "binary_data": null,
            "data": {
              "objstore.yml": "\"config\":\n  \"access_key\": \"1FS2Y1T0IRNGBXOAYE2Y\"\n  \"bucket\": \"platform-metrics\"\n  \"endpoint\": \"in-maa-1.linodeobjects.com\"\n  \"insecure\": false\n  \"secret_key\": \"AQjjsHU60OyOu8yRymZRRwPTsz9nidzR5HgOzBIi\"\n  \"signature_version2\": false\n\"type\": \"s3\"\n"
            },
            "id": "monitoring/metrics-bucket",
            "immutable": false,
            "metadata": [
              {
                "annotations": null,
                "generate_name": "",
                "generation": 0,
                "labels": null,
                "name": "metrics-bucket",
                "namespace": "monitoring",
                "resource_version": "702",
                "uid": "b028d5d6-16ee-474a-bf0e-f8b8620da00a"
              }
            ],
            "timeouts": null,
            "type": "Opaque",
            "wait_for_service_account_token": true
          },
          "sensitive_attributes": [
            [
              {
                "type": "get_attr",
                "value": "data"
              },
              {
                "type": "index",
                "value": {
                  "value": "objstore.yml",
                  "type": "string"
                }
              }
            ]
          ],
          "private": "eyJlMmJmYjczMC1lY2FhLTExZTYtOGY4OC0zNDM2M2JjN2M0YzAiOnsiY3JlYXRlIjo2MDAwMDAwMDAwMH19",
          "dependencies": [
            "data.linode_object_storage_cluster.metrics",
            "kubernetes_namespace_v1.monitoring",
            "linode_lke_cluster.k8s_cluster",
            "linode_object_storage_bucket.metrics",
            "linode_object_storage_key.metrics"
          ]
        }
      ]
    },
    {
      "mode": "managed",
      "type": "linode_lke_cluster",
      "name": "k8s_cluster",
      "provider": "provider[\"registry.terraform.io/linode/linode\"]",
      "instances": [
        {
          "schema_version": 0,
          "attributes": {
            "api_endpoints": [
              "https://1368183a-3d7e-42f6-af29-fe34151a7e32.in-maa-1.linodelke.net:443",
              "https://1368183a-3d7e-42f6-af29-fe34151a7e32.in-maa-1.linodelke.net:6443",
              "https://172.232.101.215:443",
              "https://172.232.101.215:6443"
            ],
            "control_plane": [
              {
                "high_availability": true
              }
            ],
            "dashboard_url": "https://4eed9526-fb07-486d-8f33-8b45be1add89.dashboard.in-maa-1.linodelke.net",
            "id": "156784",
            "k8s_version": "1.28",
            "kubeconfig": "CmFwaVZlcnNpb246IHYxCmtpbmQ6IENvbmZpZwpwcmVmZXJlbmNlczoge30KCmNsdXN0ZXJzOgotIGNsdXN0ZXI6CiAgICBjZXJ0aWZpY2F0ZS1hdXRob3JpdHktZGF0YTogTFMwdExTMUNSVWRKVGlCRFJWSlVTVVpKUTBGVVJTMHRMUzB0Q2sxSlNVUkNWRU5EUVdVeVowRjNTVUpCWjBsSlVWbGtObWxDT1VwdU9WbDNSRkZaU2t0dldrbG9kbU5PUVZGRlRFSlJRWGRHVkVWVVRVSkZSMEV4VlVVS1FYaE5TMkV6Vm1sYVdFcDFXbGhTYkdONlFXVkdkekI1VGtSQmVVMVVWWGhPUkVFeFRYcE9ZVVozTUhwT1JFRjVUVlJKZUU1RVJYZE5lazVoVFVKVmVBcEZla0ZTUW1kT1ZrSkJUVlJEYlhReFdXMVdlV0p0VmpCYVdFMTNaMmRGYVUxQk1FZERVM0ZIVTBsaU0wUlJSVUpCVVZWQlFUUkpRa1IzUVhkblowVkxDa0Z2U1VKQlVVUmpXVmcyTlZKd1QwVjNNaXRhYTNsVk5rbDZNVWxTTkZSakswaERSamQ0SzJ0bGNVZ3hVRVEzYVZCU2JqVXdWMFpqVEVseFNVbFJTeXNLZG1wc1lsTnZSRVprWjJvMU1IZGlPWFZPYVhsTVZFNXFhekZWTmpOS1lsSktVSG8wVkZKRVUxRmlZWGxDZDI5NWNXSm9VMnRYWlhKTVoyRllPWGxuUmdwS05HUXlXbWN5YVRSRWQwOVFXbVJvYVhwT1FVMHpMM3BXUmpsa2VtcEdUM1ZOVG5kaVNGTkdlVFJhY1RoUkwxRXhSbUpVUlVab1VUTXlMM1ZyUW1jckNtTk9SVTFpWVVKNVNEaHpRMDlVUTFscU4zbDFkME16VWpoT1NYTnpjVmx5Y25SaWJWcFZiazUzZFROaFIyUnJiazF1U2xsR2IyaDRSbEY1VGtoRWJuZ0tjMkZzYUVKSlZETTVhREJtU1hZemMwSTBhWFp5VjFOVmQydG5ORWRRZDBsR1dETklaV1l5WjJ4UGVHNUNiRGN5SzB4NWFVZGlWalJoTldKNVRVRm5UQXBrU1VGSmVXOXlNWEZsWkRsRlZHSXZkMVp5VVhGUWVHaHJORzFxUVdkTlFrRkJSMnBYVkVKWVRVRTBSMEV4VldSRWQwVkNMM2RSUlVGM1NVTndSRUZRQ2tKblRsWklVazFDUVdZNFJVSlVRVVJCVVVndlRVSXdSMEV4VldSRVoxRlhRa0pUVFhZdlUxazFiM055TmpFMlR5dHNaamxIVkRaVEszRkNTWEY2UVZZS1FtZE9Wa2hTUlVWRWFrRk5aMmR3Y21SWFNteGpiVFZzWkVkV2VrMUJNRWREVTNGSFUwbGlNMFJSUlVKRGQxVkJRVFJKUWtGUlFTdG5XbkExU2xvdlRBcHBka2huY1RnME9HVlVhSFJNY3pFMk5FRk1VamRzTTBVeVZqVkVXVzlGZDI5blprWkpNVEZ6TDBKc1lWcFZhSG80TW1jM0syMUxkMGxEYTJoV2NuRTFDbWcxTUVsTVVuZ3lUSEZoUms5R1UzSktOV3BLU1V4NFNsZzVVRWxNTUhGcWFVZG9ka0ZTYWxnelVGVk1OVkJxYUdoRVZsQkdObXh4VVZscWFYWllWRmtLYld0MFJWTjNOMk0zV1haVlZFRTNaM1V3ZGxCTGJGUlRUWEJKU0dkeFJYa3phREV3YzBwTGFrZHBlRzVxUmxsMlJHOTNNRGRXZDJweGRqVTFORGt5VFFwcWRGZHRMM1l6TDBocVdEaENTMjV1TkVaeldEWjJaa1pQWTNoemJrSnJVbkpDY2xCVWNsWjVjazFJZW1ZME9WQldVMFp5Ynk5YWRsQkNZMVJPUTBOQ0NqRXhiMWh3WkZoQ09UQm1URFpaWVRsM1RsZDZXVzF3TkVjclRsWkZSbFJNV1ZVeVZYUm1TVXBqYmpkT2VFeDRaRmRMU1hkS1J6TTJTQ3ROTXpnMmFtTUtWRE5JU1daRWNuSlhOVE5yQ2kwdExTMHRSVTVFSUVORlVsUkpSa2xEUVZSRkxTMHRMUzBLCiAgICBzZXJ2ZXI6IGh0dHBzOi8vMTM2ODE4M2EtM2Q3ZS00MmY2LWFmMjktZmUzNDE1MWE3ZTMyLmluLW1hYS0xLmxpbm9kZWxrZS5uZXQ6NDQzCiAgbmFtZTogbGtlMTU2Nzg0Cgp1c2VyczoKLSBuYW1lOiBsa2UxNTY3ODQtYWRtaW4KICB1c2VyOgogICAgYXMtdXNlci1leHRyYToge30KICAgIHRva2VuOiBleUpoYkdjaU9pSlNVekkxTmlJc0ltdHBaQ0k2SW1jd2RqbHZURVpKVjJNdE9UYzBZVGR1ZGtzeFdUUnlTblZLWlV0MVdqWk1kbmRGTTB0RVJXcERha1VpZlEuZXlKcGMzTWlPaUpyZFdKbGNtNWxkR1Z6TDNObGNuWnBZMlZoWTJOdmRXNTBJaXdpYTNWaVpYSnVaWFJsY3k1cGJ5OXpaWEoyYVdObFlXTmpiM1Z1ZEM5dVlXMWxjM0JoWTJVaU9pSnJkV0psTFhONWMzUmxiU0lzSW10MVltVnlibVYwWlhNdWFXOHZjMlZ5ZG1salpXRmpZMjkxYm5RdmMyVmpjbVYwTG01aGJXVWlPaUpzYTJVdFlXUnRhVzR0ZEc5clpXNHRZbnBzYkRRaUxDSnJkV0psY201bGRHVnpMbWx2TDNObGNuWnBZMlZoWTJOdmRXNTBMM05sY25acFkyVXRZV05qYjNWdWRDNXVZVzFsSWpvaWJHdGxMV0ZrYldsdUlpd2lhM1ZpWlhKdVpYUmxjeTVwYnk5elpYSjJhV05sWVdOamIzVnVkQzl6WlhKMmFXTmxMV0ZqWTI5MWJuUXVkV2xrSWpvaVl6Y3dOekptWmpVdE5XWmtPUzAwTmpGa0xXSXpaR0l0WkdabVl6RTRNalkyTTJZeklpd2ljM1ZpSWpvaWMzbHpkR1Z0T25ObGNuWnBZMlZoWTJOdmRXNTBPbXQxWW1VdGMzbHpkR1Z0T214clpTMWhaRzFwYmlKOS5qcGpyMk5xX1htNDVycTByZGVwNXBOTDNtNENZdkloODNDQ2ZZOW5ZcEV4VUFydVZWeF90SkNkZUIyMDk5RXpRaWs5bzNUQ2owaVY4QUM1THY5UkVkb2tMd2FIS1dVaThmSmNLZGFuOFppdnVSSmY0MUJQU3ZIX2VBa20wWFBvNzVwdVBtSGdQUlpBMzhjeGhHdDdub0ZrVmo2MkhJSHo5dENZWGpmUUlGcmo3T0w1MlBYNjRhSXhOMUhVZlpoNm1pdTNmRDdCb1dCUExRQm9JbVA2cWowTkI3RDJCSFNHdU1nZnpTdmhBXzFreTYxRF9XS2hGTThRLUEtQ2VsWFNscFBURmV5VFByUWtiNTVtOVVUN3U1UVZ1V19GeklLaXVhb1BQbmJhREc0bURGNmlfa2ZWQkJtZEkxM3Zsa1hWLUlkdmJtSVE2YWZBdk5pcTd1RWp2MGcKCmNvbnRleHRzOgotIGNvbnRleHQ6CiAgICBjbHVzdGVyOiBsa2UxNTY3ODQKICAgIG5hbWVzcGFjZTogZGVmYXVsdAogICAgdXNlcjogbGtlMTU2Nzg0LWFkbWluCiAgbmFtZTogbGtlMTU2Nzg0LWN0eAoKY3VycmVudC1jb250ZXh0OiBsa2UxNTY3ODQtY3R4Cg==",
            "label": "sasriya.net",
            "pool": [
              {
                "autoscaler": [
                  {
                    "max": 3,
                    "min": 3
                  }
                ],
                "count": 3,
                "id": 229450,
                "nodes": [
                  {
                    "id": "229450-10ba4dc70000",
                    "instance_id": 54959844,
                    "status": "ready"
                  },
                  {
                    "id": "229450-31249d540000",
                    "instance_id": 54959842,
                    "status": "not_ready"
                  },
                  {
                    "id": "229450-46e118c60000",
                    "instance_id": 54959845,
                    "status": "not_ready"
                  }
                ],
                "type": "g6-dedicated-4"
              }
            ],
            "region": "in-maa",
            "status": "ready",
            "tags": [
              "control"
            ],
            "timeouts": null
          },
          "sensitive_attributes": [],
          "private": "eyJlMmJmYjczMC1lY2FhLTExZTYtOGY4OC0zNDM2M2JjN2M0YzAiOnsiY3JlYXRlIjoxNTAwMDAwMDAwMDAwLCJkZWxldGUiOjYwMDAwMDAwMDAwMCwidXBkYXRlIjoxODAwMDAwMDAwMDAwfX0="
        }
      ]
    },
    {
      "mode": "managed",
      "type": "linode_object_storage_bucket",
      "name": "metrics",
      "provider": "provider[\"registry.terraform.io/linode/linode\"]",
      "instances": [
        {
          "schema_version": 0,
          "attributes": {
            "access_key": null,
            "acl": "private",
            "cert": [],
            "cluster": "in-maa-1",
            "cors_enabled": true,
            "hostname": "platform-metrics.in-maa-1.linodeobjects.com",
            "id": "in-maa-1:platform-metrics",
            "label": "platform-metrics",
            "lifecycle_rule": [],
            "secret_key": null,
            "versioning": null
          },
          "sensitive_attributes": [],
          "private": "bnVsbA==",
          "dependencies": [
            "data.linode_object_storage_cluster.metrics"
          ]
        }
      ]
    },
    {
      "mode": "managed",
      "type": "linode_object_storage_key",
      "name": "metrics",
      "provider": "provider[\"registry.terraform.io/linode/linode\"]",
      "instances": [
        {
          "schema_version": 0,
          "attributes": {
            "access_key": "1FS2Y1T0IRNGBXOAYE2Y",
            "bucket_access": [
              {
                "bucket_name": "platform-metrics",
                "cluster": "in-maa-1",
                "permissions": "read_write"
              }
            ],
            "id": "818608",
            "label": "metrics-access",
            "limited": true,
            "secret_key": "AQjjsHU60OyOu8yRymZRRwPTsz9nidzR5HgOzBIi"
          },
          "sensitive_attributes": [],
          "private": "bnVsbA==",
          "dependencies": [
            "data.linode_object_storage_cluster.metrics",
            "linode_object_storage_bucket.metrics"
          ]
        }
      ]
    }
  ],
  "check_results": null
}
